
Microsoft Visual Studio Solution File, Format Version 12.00
# Visual Studio Version 17
VisualStudioVersion = 17.0.31903.59
MinimumVisualStudioVersion = 10.0.40219.1
Project("{2150E333-8FDC-42A3-9474-1A3956D46DE8}") = "BuildingBlocks", "BuildingBlocks", "{7266C4A9-E384-DC00-0EB6-47F6002CFBA7}"
EndProject
Project("{FAE04EC0-301F-11D3-BF4B-00C04F79EFBC}") = "BuildingBlocks.Shared", "BuildingBlocks\BuildingBlocks.Shared\BuildingBlocks.Shared.csproj", "{B2D52C64-A43B-4E0D-94E4-BF4F80713597}"
EndProject
Project("{FAE04EC0-301F-11D3-BF4B-00C04F79EFBC}") = "BuildingBlocks.Contracts", "BuildingBlocks\BuildingBlocks.Contracts\BuildingBlocks.Contracts.csproj", "{1CE9BE4A-FF99-4E5E-ADDB-87A1EE626AA8}"
EndProject
Project("{2150E333-8FDC-42A3-9474-1A3956D46DE8}") = "Gateway", "Gateway", "{E7BDDBC6-9FD1-D1D7-ACD8-2C4F8E3D2461}"
EndProject
Project("{FAE04EC0-301F-11D3-BF4B-00C04F79EFBC}") = "Lms.ApiGateway", "Gateway\Lms.ApiGateway\Lms.ApiGateway.csproj", "{075E4C11-D560-44F4-BF2B-4BF16FD1C8F3}"
EndProject
Project("{2150E333-8FDC-42A3-9474-1A3956D46DE8}") = "Services", "Services", "{5854FF58-B8C5-05C6-5BF2-ACE42193F22B}"
EndProject
Project("{2150E333-8FDC-42A3-9474-1A3956D46DE8}") = "Course", "Course", "{65BE17F0-9624-72A3-2B03-BE2C43DC0EEF}"
EndProject
Project("{FAE04EC0-301F-11D3-BF4B-00C04F79EFBC}") = "CourseService.Api", "Services\Course\CourseService.Api\CourseService.Api.csproj", "{D391D305-20EB-463B-9BF9-B72C701C29C7}"
EndProject
Project("{FAE04EC0-301F-11D3-BF4B-00C04F79EFBC}") = "CourseService.Application", "Services\Course\CourseService.Application\CourseService.Application.csproj", "{47B339DD-A86D-4B24-8E2A-F44ABC35FA2C}"
EndProject
Project("{FAE04EC0-301F-11D3-BF4B-00C04F79EFBC}") = "CourseService.Domain", "Services\Course\CourseService.Domain\CourseService.Domain.csproj", "{A4B1900B-00B3-4DAB-B707-EBEF8C216585}"
EndProject
Project("{FAE04EC0-301F-11D3-BF4B-00C04F79EFBC}") = "CourseService.Infrastructure", "Services\Course\CourseService.Infrastructure\CourseService.Infrastructure.csproj", "{3F8DA4CF-C6FB-4C3C-9777-5F72A8F76D5A}"
EndProject
Project("{2150E333-8FDC-42A3-9474-1A3956D46DE8}") = "Media", "Media", "{CD52D1DB-F69B-63E9-D5FD-9E1F5357CDE4}"
EndProject
Project("{FAE04EC0-301F-11D3-BF4B-00C04F79EFBC}") = "MediaService.Api", "Services\Media\MediaService.Api\MediaService.Api.csproj", "{617BCB6C-9EF8-4BEA-8F80-45276ACBED0D}"
EndProject
Project("{FAE04EC0-301F-11D3-BF4B-00C04F79EFBC}") = "MediaService.Application", "Services\Media\MediaService.Application\MediaService.Application.csproj", "{016F1930-9DCA-41B8-970F-F0EAC1583243}"
EndProject
Project("{FAE04EC0-301F-11D3-BF4B-00C04F79EFBC}") = "MediaService.Domain", "Services\Media\MediaService.Domain\MediaService.Domain.csproj", "{C406E221-2D49-4AFF-BF6D-C5D2A5054A63}"
EndProject
Project("{FAE04EC0-301F-11D3-BF4B-00C04F79EFBC}") = "MediaService.Infrastructure", "Services\Media\MediaService.Infrastructure\MediaService.Infrastructure.csproj", "{6DBBE390-E9FF-4FEE-ABE6-4463D041166D}"
EndProject
Project("{2150E333-8FDC-42A3-9474-1A3956D46DE8}") = "Notification", "Notification", "{06470F13-D646-4954-ED4A-FA216054436A}"
EndProject
Project("{FAE04EC0-301F-11D3-BF4B-00C04F79EFBC}") = "NotificationService.Api", "Services\Notification\NotificationService.Api\NotificationService.Api.csproj", "{7A78D6F3-6261-46F8-BABF-32F36C0AE723}"
EndProject
Project("{FAE04EC0-301F-11D3-BF4B-00C04F79EFBC}") = "NotificationService.Application", "Services\Notification\NotificationService.Application\NotificationService.Application.csproj", "{79F1D007-63B4-417D-9F6C-31944CE9A004}"
EndProject
Project("{FAE04EC0-301F-11D3-BF4B-00C04F79EFBC}") = "NotificationService.Domain", "Services\Notification\NotificationService.Domain\NotificationService.Domain.csproj", "{02BA90E3-3CA3-4D60-BE07-DE9B8E8B86D5}"
EndProject
Project("{FAE04EC0-301F-11D3-BF4B-00C04F79EFBC}") = "NotificationService.Infrastructure", "Services\Notification\NotificationService.Infrastructure\NotificationService.Infrastructure.csproj", "{CE5B7060-0C85-4CB7-891E-23DD07E11702}"
EndProject
Project("{2150E333-8FDC-42A3-9474-1A3956D46DE8}") = "Student", "Student", "{7D0AC44D-5CF2-302B-7FCE-391173F4F6DF}"
EndProject
Project("{FAE04EC0-301F-11D3-BF4B-00C04F79EFBC}") = "StudentService.Api", "Services\Student\StudentService.Api\StudentService.Api.csproj", "{99ECC2B8-CE93-4AB6-AA17-4E578A4CF52C}"
EndProject
Project("{FAE04EC0-301F-11D3-BF4B-00C04F79EFBC}") = "StudentService.Application", "Services\Student\StudentService.Application\StudentService.Application.csproj", "{9F9E9B25-8496-48A3-A7D6-0F0E3FC58512}"
EndProject
Project("{FAE04EC0-301F-11D3-BF4B-00C04F79EFBC}") = "StudentService.Domain", "Services\Student\StudentService.Domain\StudentService.Domain.csproj", "{98E247ED-A0B7-4A5F-B957-F1C627BC75F2}"
EndProject
Project("{FAE04EC0-301F-11D3-BF4B-00C04F79EFBC}") = "StudentService.Infrastructure", "Services\Student\StudentService.Infrastructure\StudentService.Infrastructure.csproj", "{143426BD-5D3F-446C-AB66-6D102BAC2634}"
EndProject
Project("{FAE04EC0-301F-11D3-BF4B-00C04F79EFBC}") = "BuildingBlocks.DatabaseMigration", "BuildingBlocks\BuildingBlocks.DatabaseMigration\BuildingBlocks.DatabaseMigration.csproj", "{E6D4888A-0CDC-4481-BEDB-CE65D92DEA7F}"
EndProject
Project("{FAE04EC0-301F-11D3-BF4B-00C04F79EFBC}") = "BuildingBlocks.Presentation", "BuildingBlocks\BuildingBlocks.Presentation\BuildingBlocks.Presentation.csproj", "{F268D479-F5C3-4D4D-8C56-07966B5DC7D8}"
EndProject
Project("{FAE04EC0-301F-11D3-BF4B-00C04F79EFBC}") = "BuildingBlocks.Presentation.Tests", "BuildingBlocks\BuildingBlocks.Presentation.Tests\BuildingBlocks.Presentation.Tests.csproj", "{E02D45FA-FC07-45F4-BCE7-10EAD8ABC667}"
EndProject
Project("{FAE04EC0-301F-11D3-BF4B-00C04F79EFBC}") = "CourseService.UnitTests", "Services\Course\CourseService.UnitTests\CourseService.UnitTests.csproj", "{98F00D64-A516-4926-90EB-C6723ED4E805}"
EndProject
Project("{FAE04EC0-301F-11D3-BF4B-00C04F79EFBC}") = "StudentService.UnitTests", "Services\Student\StudentService.UnitTests\StudentService.UnitTests.csproj", "{D9BE38F9-F01E-4121-A255-E575E0E04974}"
EndProject
Project("{FAE04EC0-301F-11D3-BF4B-00C04F79EFBC}") = "MediaService.UnitTests", "Services\Media\MediaService.UnitTests\MediaService.UnitTests.csproj", "{7BFCED59-13BB-4AF4-A8EF-644BFF7FCB08}"
EndProject
Project("{FAE04EC0-301F-11D3-BF4B-00C04F79EFBC}") = "NotificationService.UnitTests", "Services\Notification\NotificationService.UnitTests\NotificationService.UnitTests.csproj", "{A5C4300D-C10C-4C69-8CAD-CD57A9331D2C}"
EndProject
Project("{FAE04EC0-301F-11D3-BF4B-00C04F79EFBC}") = "MediaService.IntegrationTests", "Services\Media\MediaService.IntegrationTests\MediaService.IntegrationTests.csproj", "{66392A82-582C-468A-A9E9-38921AA9062D}"
EndProject
Project("{2150E333-8FDC-42A3-9474-1A3956D46DE8}") = "Scheduler", "Scheduler", "{471A6DD9-B71D-CA3A-920F-E4CE7BE19AA0}"
EndProject
Project("{FAE04EC0-301F-11D3-BF4B-00C04F79EFBC}") = "SchedulerService.Domain", "Services\Scheduler\SchedulerService.Domain\SchedulerService.Domain.csproj", "{AD8E7A43-E735-4E08-8C20-7F19A11A658B}"
EndProject
Project("{FAE04EC0-301F-11D3-BF4B-00C04F79EFBC}") = "SchedulerService.Application", "Services\Scheduler\SchedulerService.Application\SchedulerService.Application.csproj", "{D265D8DD-9EBC-49FC-A7C7-46DE56E5C1F3}"
EndProject
Project("{FAE04EC0-301F-11D3-BF4B-00C04F79EFBC}") = "SchedulerService.Infrastructure", "Services\Scheduler\SchedulerService.Infrastructure\SchedulerService.Infrastructure.csproj", "{071BF7D1-901B-4221-92D4-4080DBF3B256}"
EndProject
Project("{FAE04EC0-301F-11D3-BF4B-00C04F79EFBC}") = "SchedulerService.Api", "Services\Scheduler\SchedulerService.Api\SchedulerService.Api.csproj", "{3820880E-75C0-47CE-9FF9-3D7F9E20DF30}"
EndProject
Project("{FAE04EC0-301F-11D3-BF4B-00C04F79EFBC}") = "SchedulerService.Worker", "Services\Scheduler\SchedulerService.Worker\SchedulerService.Worker.csproj", "{F0F44809-6121-481F-A565-5BA744568D4A}"
EndProject
Project("{FAE04EC0-301F-11D3-BF4B-00C04F79EFBC}") = "SchedulerService.UnitTests", "Services\Scheduler\SchedulerService.UnitTests\SchedulerService.UnitTests.csproj", "{D13C661A-D5BB-4B2D-970C-5BDEADF1DF92}"
EndProject
Project("{2150E333-8FDC-42A3-9474-1A3956D46DE8}") = "Tools", "Tools", "{07C2787E-EAC7-C090-1BA3-A61EC2A24D84}"
EndProject
Project("{FAE04EC0-301F-11D3-BF4B-00C04F79EFBC}") = "Lms.DataSeeder", "Tools\Lms.DataSeeder\Lms.DataSeeder.csproj", "{5D1E0432-4A03-4888-A26F-C1EF38E0A048}"
EndProject
Project("{FAE04EC0-301F-11D3-BF4B-00C04F79EFBC}") = "Lms.DataSeeder.UnitTests", "Tools\Lms.DataSeeder.UnitTests\Lms.DataSeeder.UnitTests.csproj", "{D0FE56D2-57D4-41B8-9C6E-4769B3D6E6A4}"
EndProject
Project("{FAE04EC0-301F-11D3-BF4B-00C04F79EFBC}") = "Lms.DataSeeder.IntegrationTests", "Tools\Lms.DataSeeder.IntegrationTests\Lms.DataSeeder.IntegrationTests.csproj", "{0F287531-1B6B-403B-B026-3EC5D6DF90B1}"
EndProject
Project("{FAE04EC0-301F-11D3-BF4B-00C04F79EFBC}") = "BuildingBlocks.Messaging.Abstractions", "BuildingBlocks\BuildingBlocks.Messaging.Abstractions\BuildingBlocks.Messaging.Abstractions.csproj", "{86FE584D-5749-4D79-B44C-A1872752DE48}"
EndProject
Project("{FAE04EC0-301F-11D3-BF4B-00C04F79EFBC}") = "BuildingBlocks.Messaging", "BuildingBlocks\BuildingBlocks.Messaging\BuildingBlocks.Messaging.csproj", "{8F7E7381-1F43-4E31-AA44-AC956CB2251F}"
EndProject
Project("{FAE04EC0-301F-11D3-BF4B-00C04F79EFBC}") = "BuildingBlocks.Http", "BuildingBlocks\BuildingBlocks.Http\BuildingBlocks.Http.csproj", "{0854CE23-AF4D-4CAF-8E32-18050EC30B25}"
EndProject
Project("{FAE04EC0-301F-11D3-BF4B-00C04F79EFBC}") = "BuildingBlocks.Communication.UnitTests", "BuildingBlocks\BuildingBlocks.Communication.UnitTests\BuildingBlocks.Communication.UnitTests.csproj", "{EC418F51-4814-4A24-9F81-C6BD77610EAE}"
EndProject
Project("{FAE04EC0-301F-11D3-BF4B-00C04F79EFBC}") = "BuildingBlocks.Messaging.IntegrationTests", "BuildingBlocks\BuildingBlocks.Messaging.IntegrationTests\BuildingBlocks.Messaging.IntegrationTests.csproj", "{17DFB5FD-6B8C-4709-8F44-9F40DB94B34C}"
EndProject
Project("{FAE04EC0-301F-11D3-BF4B-00C04F79EFBC}") = "StudentService.ComponentTests", "Services\Student\StudentService.ComponentTests\StudentService.ComponentTests.csproj", "{C93E86CC-244D-4030-94F2-EBFAE21838AB}"
EndProject
Project("{FAE04EC0-301F-11D3-BF4B-00C04F79EFBC}") = "StudentService.IntegrationTests", "Services\Student\StudentService.IntegrationTests\StudentService.IntegrationTests.csproj", "{BF1C5D22-9745-4A1B-9D0A-5D8BF04FABE0}"
EndProject
Global
	GlobalSection(SolutionConfigurationPlatforms) = preSolution
		Debug|Any CPU = Debug|Any CPU
		Debug|x64 = Debug|x64
		Debug|x86 = Debug|x86
		Release|Any CPU = Release|Any CPU
		Release|x64 = Release|x64
		Release|x86 = Release|x86
	EndGlobalSection
	GlobalSection(ProjectConfigurationPlatforms) = postSolution
		{B2D52C64-A43B-4E0D-94E4-BF4F80713597}.Debug|Any CPU.ActiveCfg = Debug|Any CPU
		{B2D52C64-A43B-4E0D-94E4-BF4F80713597}.Debug|Any CPU.Build.0 = Debug|Any CPU
		{B2D52C64-A43B-4E0D-94E4-BF4F80713597}.Debug|x64.ActiveCfg = Debug|Any CPU
		{B2D52C64-A43B-4E0D-94E4-BF4F80713597}.Debug|x64.Build.0 = Debug|Any CPU
		{B2D52C64-A43B-4E0D-94E4-BF4F80713597}.Debug|x86.ActiveCfg = Debug|Any CPU
		{B2D52C64-A43B-4E0D-94E4-BF4F80713597}.Debug|x86.Build.0 = Debug|Any CPU
		{B2D52C64-A43B-4E0D-94E4-BF4F80713597}.Release|Any CPU.ActiveCfg = Release|Any CPU
		{B2D52C64-A43B-4E0D-94E4-BF4F80713597}.Release|Any CPU.Build.0 = Release|Any CPU
		{B2D52C64-A43B-4E0D-94E4-BF4F80713597}.Release|x64.ActiveCfg = Release|Any CPU
		{B2D52C64-A43B-4E0D-94E4-BF4F80713597}.Release|x64.Build.0 = Release|Any CPU
		{B2D52C64-A43B-4E0D-94E4-BF4F80713597}.Release|x86.ActiveCfg = Release|Any CPU
		{B2D52C64-A43B-4E0D-94E4-BF4F80713597}.Release|x86.Build.0 = Release|Any CPU
		{1CE9BE4A-FF99-4E5E-ADDB-87A1EE626AA8}.Debug|Any CPU.ActiveCfg = Debug|Any CPU
		{1CE9BE4A-FF99-4E5E-ADDB-87A1EE626AA8}.Debug|Any CPU.Build.0 = Debug|Any CPU
		{1CE9BE4A-FF99-4E5E-ADDB-87A1EE626AA8}.Debug|x64.ActiveCfg = Debug|Any CPU
		{1CE9BE4A-FF99-4E5E-ADDB-87A1EE626AA8}.Debug|x64.Build.0 = Debug|Any CPU
		{1CE9BE4A-FF99-4E5E-ADDB-87A1EE626AA8}.Debug|x86.ActiveCfg = Debug|Any CPU
		{1CE9BE4A-FF99-4E5E-ADDB-87A1EE626AA8}.Debug|x86.Build.0 = Debug|Any CPU
		{1CE9BE4A-FF99-4E5E-ADDB-87A1EE626AA8}.Release|Any CPU.ActiveCfg = Release|Any CPU
		{1CE9BE4A-FF99-4E5E-ADDB-87A1EE626AA8}.Release|Any CPU.Build.0 = Release|Any CPU
		{1CE9BE4A-FF99-4E5E-ADDB-87A1EE626AA8}.Release|x64.ActiveCfg = Release|Any CPU
		{1CE9BE4A-FF99-4E5E-ADDB-87A1EE626AA8}.Release|x64.Build.0 = Release|Any CPU
		{1CE9BE4A-FF99-4E5E-ADDB-87A1EE626AA8}.Release|x86.ActiveCfg = Release|Any CPU
		{1CE9BE4A-FF99-4E5E-ADDB-87A1EE626AA8}.Release|x86.Build.0 = Release|Any CPU
		{075E4C11-D560-44F4-BF2B-4BF16FD1C8F3}.Debug|Any CPU.ActiveCfg = Debug|Any CPU
		{075E4C11-D560-44F4-BF2B-4BF16FD1C8F3}.Debug|Any CPU.Build.0 = Debug|Any CPU
		{075E4C11-D560-44F4-BF2B-4BF16FD1C8F3}.Debug|x64.ActiveCfg = Debug|Any CPU
		{075E4C11-D560-44F4-BF2B-4BF16FD1C8F3}.Debug|x64.Build.0 = Debug|Any CPU
		{075E4C11-D560-44F4-BF2B-4BF16FD1C8F3}.Debug|x86.ActiveCfg = Debug|Any CPU
		{075E4C11-D560-44F4-BF2B-4BF16FD1C8F3}.Debug|x86.Build.0 = Debug|Any CPU
		{075E4C11-D560-44F4-BF2B-4BF16FD1C8F3}.Release|Any CPU.ActiveCfg = Release|Any CPU
		{075E4C11-D560-44F4-BF2B-4BF16FD1C8F3}.Release|Any CPU.Build.0 = Release|Any CPU
		{075E4C11-D560-44F4-BF2B-4BF16FD1C8F3}.Release|x64.ActiveCfg = Release|Any CPU
		{075E4C11-D560-44F4-BF2B-4BF16FD1C8F3}.Release|x64.Build.0 = Release|Any CPU
		{075E4C11-D560-44F4-BF2B-4BF16FD1C8F3}.Release|x86.ActiveCfg = Release|Any CPU
		{075E4C11-D560-44F4-BF2B-4BF16FD1C8F3}.Release|x86.Build.0 = Release|Any CPU
		{D391D305-20EB-463B-9BF9-B72C701C29C7}.Debug|Any CPU.ActiveCfg = Debug|Any CPU
		{D391D305-20EB-463B-9BF9-B72C701C29C7}.Debug|Any CPU.Build.0 = Debug|Any CPU
		{D391D305-20EB-463B-9BF9-B72C701C29C7}.Debug|x64.ActiveCfg = Debug|Any CPU
		{D391D305-20EB-463B-9BF9-B72C701C29C7}.Debug|x64.Build.0 = Debug|Any CPU
		{D391D305-20EB-463B-9BF9-B72C701C29C7}.Debug|x86.ActiveCfg = Debug|Any CPU
		{D391D305-20EB-463B-9BF9-B72C701C29C7}.Debug|x86.Build.0 = Debug|Any CPU
		{D391D305-20EB-463B-9BF9-B72C701C29C7}.Release|Any CPU.ActiveCfg = Release|Any CPU
		{D391D305-20EB-463B-9BF9-B72C701C29C7}.Release|Any CPU.Build.0 = Release|Any CPU
		{D391D305-20EB-463B-9BF9-B72C701C29C7}.Release|x64.ActiveCfg = Release|Any CPU
		{D391D305-20EB-463B-9BF9-B72C701C29C7}.Release|x64.Build.0 = Release|Any CPU
		{D391D305-20EB-463B-9BF9-B72C701C29C7}.Release|x86.ActiveCfg = Release|Any CPU
		{D391D305-20EB-463B-9BF9-B72C701C29C7}.Release|x86.Build.0 = Release|Any CPU
		{47B339DD-A86D-4B24-8E2A-F44ABC35FA2C}.Debug|Any CPU.ActiveCfg = Debug|Any CPU
		{47B339DD-A86D-4B24-8E2A-F44ABC35FA2C}.Debug|Any CPU.Build.0 = Debug|Any CPU
		{47B339DD-A86D-4B24-8E2A-F44ABC35FA2C}.Debug|x64.ActiveCfg = Debug|Any CPU
		{47B339DD-A86D-4B24-8E2A-F44ABC35FA2C}.Debug|x64.Build.0 = Debug|Any CPU
		{47B339DD-A86D-4B24-8E2A-F44ABC35FA2C}.Debug|x86.ActiveCfg = Debug|Any CPU
		{47B339DD-A86D-4B24-8E2A-F44ABC35FA2C}.Debug|x86.Build.0 = Debug|Any CPU
		{47B339DD-A86D-4B24-8E2A-F44ABC35FA2C}.Release|Any CPU.ActiveCfg = Release|Any CPU
		{47B339DD-A86D-4B24-8E2A-F44ABC35FA2C}.Release|Any CPU.Build.0 = Release|Any CPU
		{47B339DD-A86D-4B24-8E2A-F44ABC35FA2C}.Release|x64.ActiveCfg = Release|Any CPU
		{47B339DD-A86D-4B24-8E2A-F44ABC35FA2C}.Release|x64.Build.0 = Release|Any CPU
		{47B339DD-A86D-4B24-8E2A-F44ABC35FA2C}.Release|x86.ActiveCfg = Release|Any CPU
		{47B339DD-A86D-4B24-8E2A-F44ABC35FA2C}.Release|x86.Build.0 = Release|Any CPU
		{A4B1900B-00B3-4DAB-B707-EBEF8C216585}.Debug|Any CPU.ActiveCfg = Debug|Any CPU
		{A4B1900B-00B3-4DAB-B707-EBEF8C216585}.Debug|Any CPU.Build.0 = Debug|Any CPU
		{A4B1900B-00B3-4DAB-B707-EBEF8C216585}.Debug|x64.ActiveCfg = Debug|Any CPU
		{A4B1900B-00B3-4DAB-B707-EBEF8C216585}.Debug|x64.Build.0 = Debug|Any CPU
		{A4B1900B-00B3-4DAB-B707-EBEF8C216585}.Debug|x86.ActiveCfg = Debug|Any CPU
		{A4B1900B-00B3-4DAB-B707-EBEF8C216585}.Debug|x86.Build.0 = Debug|Any CPU
		{A4B1900B-00B3-4DAB-B707-EBEF8C216585}.Release|Any CPU.ActiveCfg = Release|Any CPU
		{A4B1900B-00B3-4DAB-B707-EBEF8C216585}.Release|Any CPU.Build.0 = Release|Any CPU
		{A4B1900B-00B3-4DAB-B707-EBEF8C216585}.Release|x64.ActiveCfg = Release|Any CPU
		{A4B1900B-00B3-4DAB-B707-EBEF8C216585}.Release|x64.Build.0 = Release|Any CPU
		{A4B1900B-00B3-4DAB-B707-EBEF8C216585}.Release|x86.ActiveCfg = Release|Any CPU
		{A4B1900B-00B3-4DAB-B707-EBEF8C216585}.Release|x86.Build.0 = Release|Any CPU
		{3F8DA4CF-C6FB-4C3C-9777-5F72A8F76D5A}.Debug|Any CPU.ActiveCfg = Debug|Any CPU
		{3F8DA4CF-C6FB-4C3C-9777-5F72A8F76D5A}.Debug|Any CPU.Build.0 = Debug|Any CPU
		{3F8DA4CF-C6FB-4C3C-9777-5F72A8F76D5A}.Debug|x64.ActiveCfg = Debug|Any CPU
		{3F8DA4CF-C6FB-4C3C-9777-5F72A8F76D5A}.Debug|x64.Build.0 = Debug|Any CPU
		{3F8DA4CF-C6FB-4C3C-9777-5F72A8F76D5A}.Debug|x86.ActiveCfg = Debug|Any CPU
		{3F8DA4CF-C6FB-4C3C-9777-5F72A8F76D5A}.Debug|x86.Build.0 = Debug|Any CPU
		{3F8DA4CF-C6FB-4C3C-9777-5F72A8F76D5A}.Release|Any CPU.ActiveCfg = Release|Any CPU
		{3F8DA4CF-C6FB-4C3C-9777-5F72A8F76D5A}.Release|Any CPU.Build.0 = Release|Any CPU
		{3F8DA4CF-C6FB-4C3C-9777-5F72A8F76D5A}.Release|x64.ActiveCfg = Release|Any CPU
		{3F8DA4CF-C6FB-4C3C-9777-5F72A8F76D5A}.Release|x64.Build.0 = Release|Any CPU
		{3F8DA4CF-C6FB-4C3C-9777-5F72A8F76D5A}.Release|x86.ActiveCfg = Release|Any CPU
		{3F8DA4CF-C6FB-4C3C-9777-5F72A8F76D5A}.Release|x86.Build.0 = Release|Any CPU
		{617BCB6C-9EF8-4BEA-8F80-45276ACBED0D}.Debug|Any CPU.ActiveCfg = Debug|Any CPU
		{617BCB6C-9EF8-4BEA-8F80-45276ACBED0D}.Debug|Any CPU.Build.0 = Debug|Any CPU
		{617BCB6C-9EF8-4BEA-8F80-45276ACBED0D}.Debug|x64.ActiveCfg = Debug|Any CPU
		{617BCB6C-9EF8-4BEA-8F80-45276ACBED0D}.Debug|x64.Build.0 = Debug|Any CPU
		{617BCB6C-9EF8-4BEA-8F80-45276ACBED0D}.Debug|x86.ActiveCfg = Debug|Any CPU
		{617BCB6C-9EF8-4BEA-8F80-45276ACBED0D}.Debug|x86.Build.0 = Debug|Any CPU
		{617BCB6C-9EF8-4BEA-8F80-45276ACBED0D}.Release|Any CPU.ActiveCfg = Release|Any CPU
		{617BCB6C-9EF8-4BEA-8F80-45276ACBED0D}.Release|Any CPU.Build.0 = Release|Any CPU
		{617BCB6C-9EF8-4BEA-8F80-45276ACBED0D}.Release|x64.ActiveCfg = Release|Any CPU
		{617BCB6C-9EF8-4BEA-8F80-45276ACBED0D}.Release|x64.Build.0 = Release|Any CPU
		{617BCB6C-9EF8-4BEA-8F80-45276ACBED0D}.Release|x86.ActiveCfg = Release|Any CPU
		{617BCB6C-9EF8-4BEA-8F80-45276ACBED0D}.Release|x86.Build.0 = Release|Any CPU
		{016F1930-9DCA-41B8-970F-F0EAC1583243}.Debug|Any CPU.ActiveCfg = Debug|Any CPU
		{016F1930-9DCA-41B8-970F-F0EAC1583243}.Debug|Any CPU.Build.0 = Debug|Any CPU
		{016F1930-9DCA-41B8-970F-F0EAC1583243}.Debug|x64.ActiveCfg = Debug|Any CPU
		{016F1930-9DCA-41B8-970F-F0EAC1583243}.Debug|x64.Build.0 = Debug|Any CPU
		{016F1930-9DCA-41B8-970F-F0EAC1583243}.Debug|x86.ActiveCfg = Debug|Any CPU
		{016F1930-9DCA-41B8-970F-F0EAC1583243}.Debug|x86.Build.0 = Debug|Any CPU
		{016F1930-9DCA-41B8-970F-F0EAC1583243}.Release|Any CPU.ActiveCfg = Release|Any CPU
		{016F1930-9DCA-41B8-970F-F0EAC1583243}.Release|Any CPU.Build.0 = Release|Any CPU
		{016F1930-9DCA-41B8-970F-F0EAC1583243}.Release|x64.ActiveCfg = Release|Any CPU
		{016F1930-9DCA-41B8-970F-F0EAC1583243}.Release|x64.Build.0 = Release|Any CPU
		{016F1930-9DCA-41B8-970F-F0EAC1583243}.Release|x86.ActiveCfg = Release|Any CPU
		{016F1930-9DCA-41B8-970F-F0EAC1583243}.Release|x86.Build.0 = Release|Any CPU
		{C406E221-2D49-4AFF-BF6D-C5D2A5054A63}.Debug|Any CPU.ActiveCfg = Debug|Any CPU
		{C406E221-2D49-4AFF-BF6D-C5D2A5054A63}.Debug|Any CPU.Build.0 = Debug|Any CPU
		{C406E221-2D49-4AFF-BF6D-C5D2A5054A63}.Debug|x64.ActiveCfg = Debug|Any CPU
		{C406E221-2D49-4AFF-BF6D-C5D2A5054A63}.Debug|x64.Build.0 = Debug|Any CPU
		{C406E221-2D49-4AFF-BF6D-C5D2A5054A63}.Debug|x86.ActiveCfg = Debug|Any CPU
		{C406E221-2D49-4AFF-BF6D-C5D2A5054A63}.Debug|x86.Build.0 = Debug|Any CPU
		{C406E221-2D49-4AFF-BF6D-C5D2A5054A63}.Release|Any CPU.ActiveCfg = Release|Any CPU
		{C406E221-2D49-4AFF-BF6D-C5D2A5054A63}.Release|Any CPU.Build.0 = Release|Any CPU
		{C406E221-2D49-4AFF-BF6D-C5D2A5054A63}.Release|x64.ActiveCfg = Release|Any CPU
		{C406E221-2D49-4AFF-BF6D-C5D2A5054A63}.Release|x64.Build.0 = Release|Any CPU
		{C406E221-2D49-4AFF-BF6D-C5D2A5054A63}.Release|x86.ActiveCfg = Release|Any CPU
		{C406E221-2D49-4AFF-BF6D-C5D2A5054A63}.Release|x86.Build.0 = Release|Any CPU
		{6DBBE390-E9FF-4FEE-ABE6-4463D041166D}.Debug|Any CPU.ActiveCfg = Debug|Any CPU
		{6DBBE390-E9FF-4FEE-ABE6-4463D041166D}.Debug|Any CPU.Build.0 = Debug|Any CPU
		{6DBBE390-E9FF-4FEE-ABE6-4463D041166D}.Debug|x64.ActiveCfg = Debug|Any CPU
		{6DBBE390-E9FF-4FEE-ABE6-4463D041166D}.Debug|x64.Build.0 = Debug|Any CPU
		{6DBBE390-E9FF-4FEE-ABE6-4463D041166D}.Debug|x86.ActiveCfg = Debug|Any CPU
		{6DBBE390-E9FF-4FEE-ABE6-4463D041166D}.Debug|x86.Build.0 = Debug|Any CPU
		{6DBBE390-E9FF-4FEE-ABE6-4463D041166D}.Release|Any CPU.ActiveCfg = Release|Any CPU
		{6DBBE390-E9FF-4FEE-ABE6-4463D041166D}.Release|Any CPU.Build.0 = Release|Any CPU
		{6DBBE390-E9FF-4FEE-ABE6-4463D041166D}.Release|x64.ActiveCfg = Release|Any CPU
		{6DBBE390-E9FF-4FEE-ABE6-4463D041166D}.Release|x64.Build.0 = Release|Any CPU
		{6DBBE390-E9FF-4FEE-ABE6-4463D041166D}.Release|x86.ActiveCfg = Release|Any CPU
		{6DBBE390-E9FF-4FEE-ABE6-4463D041166D}.Release|x86.Build.0 = Release|Any CPU
		{7A78D6F3-6261-46F8-BABF-32F36C0AE723}.Debug|Any CPU.ActiveCfg = Debug|Any CPU
		{7A78D6F3-6261-46F8-BABF-32F36C0AE723}.Debug|Any CPU.Build.0 = Debug|Any CPU
		{7A78D6F3-6261-46F8-BABF-32F36C0AE723}.Debug|x64.ActiveCfg = Debug|Any CPU
		{7A78D6F3-6261-46F8-BABF-32F36C0AE723}.Debug|x64.Build.0 = Debug|Any CPU
		{7A78D6F3-6261-46F8-BABF-32F36C0AE723}.Debug|x86.ActiveCfg = Debug|Any CPU
		{7A78D6F3-6261-46F8-BABF-32F36C0AE723}.Debug|x86.Build.0 = Debug|Any CPU
		{7A78D6F3-6261-46F8-BABF-32F36C0AE723}.Release|Any CPU.ActiveCfg = Release|Any CPU
		{7A78D6F3-6261-46F8-BABF-32F36C0AE723}.Release|Any CPU.Build.0 = Release|Any CPU
		{7A78D6F3-6261-46F8-BABF-32F36C0AE723}.Release|x64.ActiveCfg = Release|Any CPU
		{7A78D6F3-6261-46F8-BABF-32F36C0AE723}.Release|x64.Build.0 = Release|Any CPU
		{7A78D6F3-6261-46F8-BABF-32F36C0AE723}.Release|x86.ActiveCfg = Release|Any CPU
		{7A78D6F3-6261-46F8-BABF-32F36C0AE723}.Release|x86.Build.0 = Release|Any CPU
		{79F1D007-63B4-417D-9F6C-31944CE9A004}.Debug|Any CPU.ActiveCfg = Debug|Any CPU
		{79F1D007-63B4-417D-9F6C-31944CE9A004}.Debug|Any CPU.Build.0 = Debug|Any CPU
		{79F1D007-63B4-417D-9F6C-31944CE9A004}.Debug|x64.ActiveCfg = Debug|Any CPU
		{79F1D007-63B4-417D-9F6C-31944CE9A004}.Debug|x64.Build.0 = Debug|Any CPU
		{79F1D007-63B4-417D-9F6C-31944CE9A004}.Debug|x86.ActiveCfg = Debug|Any CPU
		{79F1D007-63B4-417D-9F6C-31944CE9A004}.Debug|x86.Build.0 = Debug|Any CPU
		{79F1D007-63B4-417D-9F6C-31944CE9A004}.Release|Any CPU.ActiveCfg = Release|Any CPU
		{79F1D007-63B4-417D-9F6C-31944CE9A004}.Release|Any CPU.Build.0 = Release|Any CPU
		{79F1D007-63B4-417D-9F6C-31944CE9A004}.Release|x64.ActiveCfg = Release|Any CPU
		{79F1D007-63B4-417D-9F6C-31944CE9A004}.Release|x64.Build.0 = Release|Any CPU
		{79F1D007-63B4-417D-9F6C-31944CE9A004}.Release|x86.ActiveCfg = Release|Any CPU
		{79F1D007-63B4-417D-9F6C-31944CE9A004}.Release|x86.Build.0 = Release|Any CPU
		{02BA90E3-3CA3-4D60-BE07-DE9B8E8B86D5}.Debug|Any CPU.ActiveCfg = Debug|Any CPU
		{02BA90E3-3CA3-4D60-BE07-DE9B8E8B86D5}.Debug|Any CPU.Build.0 = Debug|Any CPU
		{02BA90E3-3CA3-4D60-BE07-DE9B8E8B86D5}.Debug|x64.ActiveCfg = Debug|Any CPU
		{02BA90E3-3CA3-4D60-BE07-DE9B8E8B86D5}.Debug|x64.Build.0 = Debug|Any CPU
		{02BA90E3-3CA3-4D60-BE07-DE9B8E8B86D5}.Debug|x86.ActiveCfg = Debug|Any CPU
		{02BA90E3-3CA3-4D60-BE07-DE9B8E8B86D5}.Debug|x86.Build.0 = Debug|Any CPU
		{02BA90E3-3CA3-4D60-BE07-DE9B8E8B86D5}.Release|Any CPU.ActiveCfg = Release|Any CPU
		{02BA90E3-3CA3-4D60-BE07-DE9B8E8B86D5}.Release|Any CPU.Build.0 = Release|Any CPU
		{02BA90E3-3CA3-4D60-BE07-DE9B8E8B86D5}.Release|x64.ActiveCfg = Release|Any CPU
		{02BA90E3-3CA3-4D60-BE07-DE9B8E8B86D5}.Release|x64.Build.0 = Release|Any CPU
		{02BA90E3-3CA3-4D60-BE07-DE9B8E8B86D5}.Release|x86.ActiveCfg = Release|Any CPU
		{02BA90E3-3CA3-4D60-BE07-DE9B8E8B86D5}.Release|x86.Build.0 = Release|Any CPU
		{CE5B7060-0C85-4CB7-891E-23DD07E11702}.Debug|Any CPU.ActiveCfg = Debug|Any CPU
		{CE5B7060-0C85-4CB7-891E-23DD07E11702}.Debug|Any CPU.Build.0 = Debug|Any CPU
		{CE5B7060-0C85-4CB7-891E-23DD07E11702}.Debug|x64.ActiveCfg = Debug|Any CPU
		{CE5B7060-0C85-4CB7-891E-23DD07E11702}.Debug|x64.Build.0 = Debug|Any CPU
		{CE5B7060-0C85-4CB7-891E-23DD07E11702}.Debug|x86.ActiveCfg = Debug|Any CPU
		{CE5B7060-0C85-4CB7-891E-23DD07E11702}.Debug|x86.Build.0 = Debug|Any CPU
		{CE5B7060-0C85-4CB7-891E-23DD07E11702}.Release|Any CPU.ActiveCfg = Release|Any CPU
		{CE5B7060-0C85-4CB7-891E-23DD07E11702}.Release|Any CPU.Build.0 = Release|Any CPU
		{CE5B7060-0C85-4CB7-891E-23DD07E11702}.Release|x64.ActiveCfg = Release|Any CPU
		{CE5B7060-0C85-4CB7-891E-23DD07E11702}.Release|x64.Build.0 = Release|Any CPU
		{CE5B7060-0C85-4CB7-891E-23DD07E11702}.Release|x86.ActiveCfg = Release|Any CPU
		{CE5B7060-0C85-4CB7-891E-23DD07E11702}.Release|x86.Build.0 = Release|Any CPU
		{99ECC2B8-CE93-4AB6-AA17-4E578A4CF52C}.Debug|Any CPU.ActiveCfg = Debug|Any CPU
		{99ECC2B8-CE93-4AB6-AA17-4E578A4CF52C}.Debug|Any CPU.Build.0 = Debug|Any CPU
		{99ECC2B8-CE93-4AB6-AA17-4E578A4CF52C}.Debug|x64.ActiveCfg = Debug|Any CPU
		{99ECC2B8-CE93-4AB6-AA17-4E578A4CF52C}.Debug|x64.Build.0 = Debug|Any CPU
		{99ECC2B8-CE93-4AB6-AA17-4E578A4CF52C}.Debug|x86.ActiveCfg = Debug|Any CPU
		{99ECC2B8-CE93-4AB6-AA17-4E578A4CF52C}.Debug|x86.Build.0 = Debug|Any CPU
		{99ECC2B8-CE93-4AB6-AA17-4E578A4CF52C}.Release|Any CPU.ActiveCfg = Release|Any CPU
		{99ECC2B8-CE93-4AB6-AA17-4E578A4CF52C}.Release|Any CPU.Build.0 = Release|Any CPU
		{99ECC2B8-CE93-4AB6-AA17-4E578A4CF52C}.Release|x64.ActiveCfg = Release|Any CPU
		{99ECC2B8-CE93-4AB6-AA17-4E578A4CF52C}.Release|x64.Build.0 = Release|Any CPU
		{99ECC2B8-CE93-4AB6-AA17-4E578A4CF52C}.Release|x86.ActiveCfg = Release|Any CPU
		{99ECC2B8-CE93-4AB6-AA17-4E578A4CF52C}.Release|x86.Build.0 = Release|Any CPU
		{9F9E9B25-8496-48A3-A7D6-0F0E3FC58512}.Debug|Any CPU.ActiveCfg = Debug|Any CPU
		{9F9E9B25-8496-48A3-A7D6-0F0E3FC58512}.Debug|Any CPU.Build.0 = Debug|Any CPU
		{9F9E9B25-8496-48A3-A7D6-0F0E3FC58512}.Debug|x64.ActiveCfg = Debug|Any CPU
		{9F9E9B25-8496-48A3-A7D6-0F0E3FC58512}.Debug|x64.Build.0 = Debug|Any CPU
		{9F9E9B25-8496-48A3-A7D6-0F0E3FC58512}.Debug|x86.ActiveCfg = Debug|Any CPU
		{9F9E9B25-8496-48A3-A7D6-0F0E3FC58512}.Debug|x86.Build.0 = Debug|Any CPU
		{9F9E9B25-8496-48A3-A7D6-0F0E3FC58512}.Release|Any CPU.ActiveCfg = Release|Any CPU
		{9F9E9B25-8496-48A3-A7D6-0F0E3FC58512}.Release|Any CPU.Build.0 = Release|Any CPU
		{9F9E9B25-8496-48A3-A7D6-0F0E3FC58512}.Release|x64.ActiveCfg = Release|Any CPU
		{9F9E9B25-8496-48A3-A7D6-0F0E3FC58512}.Release|x64.Build.0 = Release|Any CPU
		{9F9E9B25-8496-48A3-A7D6-0F0E3FC58512}.Release|x86.ActiveCfg = Release|Any CPU
		{9F9E9B25-8496-48A3-A7D6-0F0E3FC58512}.Release|x86.Build.0 = Release|Any CPU
		{98E247ED-A0B7-4A5F-B957-F1C627BC75F2}.Debug|Any CPU.ActiveCfg = Debug|Any CPU
		{98E247ED-A0B7-4A5F-B957-F1C627BC75F2}.Debug|Any CPU.Build.0 = Debug|Any CPU
		{98E247ED-A0B7-4A5F-B957-F1C627BC75F2}.Debug|x64.ActiveCfg = Debug|Any CPU
		{98E247ED-A0B7-4A5F-B957-F1C627BC75F2}.Debug|x64.Build.0 = Debug|Any CPU
		{98E247ED-A0B7-4A5F-B957-F1C627BC75F2}.Debug|x86.ActiveCfg = Debug|Any CPU
		{98E247ED-A0B7-4A5F-B957-F1C627BC75F2}.Debug|x86.Build.0 = Debug|Any CPU
		{98E247ED-A0B7-4A5F-B957-F1C627BC75F2}.Release|Any CPU.ActiveCfg = Release|Any CPU
		{98E247ED-A0B7-4A5F-B957-F1C627BC75F2}.Release|Any CPU.Build.0 = Release|Any CPU
		{98E247ED-A0B7-4A5F-B957-F1C627BC75F2}.Release|x64.ActiveCfg = Release|Any CPU
		{98E247ED-A0B7-4A5F-B957-F1C627BC75F2}.Release|x64.Build.0 = Release|Any CPU
		{98E247ED-A0B7-4A5F-B957-F1C627BC75F2}.Release|x86.ActiveCfg = Release|Any CPU
		{98E247ED-A0B7-4A5F-B957-F1C627BC75F2}.Release|x86.Build.0 = Release|Any CPU
		{143426BD-5D3F-446C-AB66-6D102BAC2634}.Debug|Any CPU.ActiveCfg = Debug|Any CPU
		{143426BD-5D3F-446C-AB66-6D102BAC2634}.Debug|Any CPU.Build.0 = Debug|Any CPU
		{143426BD-5D3F-446C-AB66-6D102BAC2634}.Debug|x64.ActiveCfg = Debug|Any CPU
		{143426BD-5D3F-446C-AB66-6D102BAC2634}.Debug|x64.Build.0 = Debug|Any CPU
		{143426BD-5D3F-446C-AB66-6D102BAC2634}.Debug|x86.ActiveCfg = Debug|Any CPU
		{143426BD-5D3F-446C-AB66-6D102BAC2634}.Debug|x86.Build.0 = Debug|Any CPU
		{143426BD-5D3F-446C-AB66-6D102BAC2634}.Release|Any CPU.ActiveCfg = Release|Any CPU
		{143426BD-5D3F-446C-AB66-6D102BAC2634}.Release|Any CPU.Build.0 = Release|Any CPU
		{143426BD-5D3F-446C-AB66-6D102BAC2634}.Release|x64.ActiveCfg = Release|Any CPU
		{143426BD-5D3F-446C-AB66-6D102BAC2634}.Release|x64.Build.0 = Release|Any CPU
		{143426BD-5D3F-446C-AB66-6D102BAC2634}.Release|x86.ActiveCfg = Release|Any CPU
		{143426BD-5D3F-446C-AB66-6D102BAC2634}.Release|x86.Build.0 = Release|Any CPU
		{E6D4888A-0CDC-4481-BEDB-CE65D92DEA7F}.Debug|Any CPU.ActiveCfg = Debug|Any CPU
		{E6D4888A-0CDC-4481-BEDB-CE65D92DEA7F}.Debug|Any CPU.Build.0 = Debug|Any CPU
		{E6D4888A-0CDC-4481-BEDB-CE65D92DEA7F}.Debug|x64.ActiveCfg = Debug|Any CPU
		{E6D4888A-0CDC-4481-BEDB-CE65D92DEA7F}.Debug|x64.Build.0 = Debug|Any CPU
		{E6D4888A-0CDC-4481-BEDB-CE65D92DEA7F}.Debug|x86.ActiveCfg = Debug|Any CPU
		{E6D4888A-0CDC-4481-BEDB-CE65D92DEA7F}.Debug|x86.Build.0 = Debug|Any CPU
		{E6D4888A-0CDC-4481-BEDB-CE65D92DEA7F}.Release|Any CPU.ActiveCfg = Release|Any CPU
		{E6D4888A-0CDC-4481-BEDB-CE65D92DEA7F}.Release|Any CPU.Build.0 = Release|Any CPU
		{E6D4888A-0CDC-4481-BEDB-CE65D92DEA7F}.Release|x64.ActiveCfg = Release|Any CPU
		{E6D4888A-0CDC-4481-BEDB-CE65D92DEA7F}.Release|x64.Build.0 = Release|Any CPU
		{E6D4888A-0CDC-4481-BEDB-CE65D92DEA7F}.Release|x86.ActiveCfg = Release|Any CPU
		{E6D4888A-0CDC-4481-BEDB-CE65D92DEA7F}.Release|x86.Build.0 = Release|Any CPU
		{F268D479-F5C3-4D4D-8C56-07966B5DC7D8}.Debug|Any CPU.ActiveCfg = Debug|Any CPU
		{F268D479-F5C3-4D4D-8C56-07966B5DC7D8}.Debug|Any CPU.Build.0 = Debug|Any CPU
		{F268D479-F5C3-4D4D-8C56-07966B5DC7D8}.Debug|x64.ActiveCfg = Debug|Any CPU
		{F268D479-F5C3-4D4D-8C56-07966B5DC7D8}.Debug|x64.Build.0 = Debug|Any CPU
		{F268D479-F5C3-4D4D-8C56-07966B5DC7D8}.Debug|x86.ActiveCfg = Debug|Any CPU
		{F268D479-F5C3-4D4D-8C56-07966B5DC7D8}.Debug|x86.Build.0 = Debug|Any CPU
		{F268D479-F5C3-4D4D-8C56-07966B5DC7D8}.Release|Any CPU.ActiveCfg = Release|Any CPU
		{F268D479-F5C3-4D4D-8C56-07966B5DC7D8}.Release|Any CPU.Build.0 = Release|Any CPU
		{F268D479-F5C3-4D4D-8C56-07966B5DC7D8}.Release|x64.ActiveCfg = Release|Any CPU
		{F268D479-F5C3-4D4D-8C56-07966B5DC7D8}.Release|x64.Build.0 = Release|Any CPU
		{F268D479-F5C3-4D4D-8C56-07966B5DC7D8}.Release|x86.ActiveCfg = Release|Any CPU
		{F268D479-F5C3-4D4D-8C56-07966B5DC7D8}.Release|x86.Build.0 = Release|Any CPU
		{E02D45FA-FC07-45F4-BCE7-10EAD8ABC667}.Debug|Any CPU.ActiveCfg = Debug|Any CPU
		{E02D45FA-FC07-45F4-BCE7-10EAD8ABC667}.Debug|Any CPU.Build.0 = Debug|Any CPU
		{E02D45FA-FC07-45F4-BCE7-10EAD8ABC667}.Debug|x64.ActiveCfg = Debug|Any CPU
		{E02D45FA-FC07-45F4-BCE7-10EAD8ABC667}.Debug|x64.Build.0 = Debug|Any CPU
		{E02D45FA-FC07-45F4-BCE7-10EAD8ABC667}.Debug|x86.ActiveCfg = Debug|Any CPU
		{E02D45FA-FC07-45F4-BCE7-10EAD8ABC667}.Debug|x86.Build.0 = Debug|Any CPU
		{E02D45FA-FC07-45F4-BCE7-10EAD8ABC667}.Release|Any CPU.ActiveCfg = Release|Any CPU
		{E02D45FA-FC07-45F4-BCE7-10EAD8ABC667}.Release|Any CPU.Build.0 = Release|Any CPU
		{E02D45FA-FC07-45F4-BCE7-10EAD8ABC667}.Release|x64.ActiveCfg = Release|Any CPU
		{E02D45FA-FC07-45F4-BCE7-10EAD8ABC667}.Release|x64.Build.0 = Release|Any CPU
		{E02D45FA-FC07-45F4-BCE7-10EAD8ABC667}.Release|x86.ActiveCfg = Release|Any CPU
		{E02D45FA-FC07-45F4-BCE7-10EAD8ABC667}.Release|x86.Build.0 = Release|Any CPU
		{98F00D64-A516-4926-90EB-C6723ED4E805}.Debug|Any CPU.ActiveCfg = Debug|Any CPU
		{98F00D64-A516-4926-90EB-C6723ED4E805}.Debug|Any CPU.Build.0 = Debug|Any CPU
		{98F00D64-A516-4926-90EB-C6723ED4E805}.Debug|x64.ActiveCfg = Debug|Any CPU
		{98F00D64-A516-4926-90EB-C6723ED4E805}.Debug|x64.Build.0 = Debug|Any CPU
		{98F00D64-A516-4926-90EB-C6723ED4E805}.Debug|x86.ActiveCfg = Debug|Any CPU
		{98F00D64-A516-4926-90EB-C6723ED4E805}.Debug|x86.Build.0 = Debug|Any CPU
		{98F00D64-A516-4926-90EB-C6723ED4E805}.Release|Any CPU.ActiveCfg = Release|Any CPU
		{98F00D64-A516-4926-90EB-C6723ED4E805}.Release|Any CPU.Build.0 = Release|Any CPU
		{98F00D64-A516-4926-90EB-C6723ED4E805}.Release|x64.ActiveCfg = Release|Any CPU
		{98F00D64-A516-4926-90EB-C6723ED4E805}.Release|x64.Build.0 = Release|Any CPU
		{98F00D64-A516-4926-90EB-C6723ED4E805}.Release|x86.ActiveCfg = Release|Any CPU
		{98F00D64-A516-4926-90EB-C6723ED4E805}.Release|x86.Build.0 = Release|Any CPU
		{D9BE38F9-F01E-4121-A255-E575E0E04974}.Debug|Any CPU.ActiveCfg = Debug|Any CPU
		{D9BE38F9-F01E-4121-A255-E575E0E04974}.Debug|Any CPU.Build.0 = Debug|Any CPU
		{D9BE38F9-F01E-4121-A255-E575E0E04974}.Debug|x64.ActiveCfg = Debug|Any CPU
		{D9BE38F9-F01E-4121-A255-E575E0E04974}.Debug|x64.Build.0 = Debug|Any CPU
		{D9BE38F9-F01E-4121-A255-E575E0E04974}.Debug|x86.ActiveCfg = Debug|Any CPU
		{D9BE38F9-F01E-4121-A255-E575E0E04974}.Debug|x86.Build.0 = Debug|Any CPU
		{D9BE38F9-F01E-4121-A255-E575E0E04974}.Release|Any CPU.ActiveCfg = Release|Any CPU
		{D9BE38F9-F01E-4121-A255-E575E0E04974}.Release|Any CPU.Build.0 = Release|Any CPU
		{D9BE38F9-F01E-4121-A255-E575E0E04974}.Release|x64.ActiveCfg = Release|Any CPU
		{D9BE38F9-F01E-4121-A255-E575E0E04974}.Release|x64.Build.0 = Release|Any CPU
		{D9BE38F9-F01E-4121-A255-E575E0E04974}.Release|x86.ActiveCfg = Release|Any CPU
		{D9BE38F9-F01E-4121-A255-E575E0E04974}.Release|x86.Build.0 = Release|Any CPU
		{7BFCED59-13BB-4AF4-A8EF-644BFF7FCB08}.Debug|Any CPU.ActiveCfg = Debug|Any CPU
		{7BFCED59-13BB-4AF4-A8EF-644BFF7FCB08}.Debug|Any CPU.Build.0 = Debug|Any CPU
		{7BFCED59-13BB-4AF4-A8EF-644BFF7FCB08}.Debug|x64.ActiveCfg = Debug|Any CPU
		{7BFCED59-13BB-4AF4-A8EF-644BFF7FCB08}.Debug|x64.Build.0 = Debug|Any CPU
		{7BFCED59-13BB-4AF4-A8EF-644BFF7FCB08}.Debug|x86.ActiveCfg = Debug|Any CPU
		{7BFCED59-13BB-4AF4-A8EF-644BFF7FCB08}.Debug|x86.Build.0 = Debug|Any CPU
		{7BFCED59-13BB-4AF4-A8EF-644BFF7FCB08}.Release|Any CPU.ActiveCfg = Release|Any CPU
		{7BFCED59-13BB-4AF4-A8EF-644BFF7FCB08}.Release|Any CPU.Build.0 = Release|Any CPU
		{7BFCED59-13BB-4AF4-A8EF-644BFF7FCB08}.Release|x64.ActiveCfg = Release|Any CPU
		{7BFCED59-13BB-4AF4-A8EF-644BFF7FCB08}.Release|x64.Build.0 = Release|Any CPU
		{7BFCED59-13BB-4AF4-A8EF-644BFF7FCB08}.Release|x86.ActiveCfg = Release|Any CPU
		{7BFCED59-13BB-4AF4-A8EF-644BFF7FCB08}.Release|x86.Build.0 = Release|Any CPU
		{A5C4300D-C10C-4C69-8CAD-CD57A9331D2C}.Debug|Any CPU.ActiveCfg = Debug|Any CPU
		{A5C4300D-C10C-4C69-8CAD-CD57A9331D2C}.Debug|Any CPU.Build.0 = Debug|Any CPU
		{A5C4300D-C10C-4C69-8CAD-CD57A9331D2C}.Debug|x64.ActiveCfg = Debug|Any CPU
		{A5C4300D-C10C-4C69-8CAD-CD57A9331D2C}.Debug|x64.Build.0 = Debug|Any CPU
		{A5C4300D-C10C-4C69-8CAD-CD57A9331D2C}.Debug|x86.ActiveCfg = Debug|Any CPU
		{A5C4300D-C10C-4C69-8CAD-CD57A9331D2C}.Debug|x86.Build.0 = Debug|Any CPU
		{A5C4300D-C10C-4C69-8CAD-CD57A9331D2C}.Release|Any CPU.ActiveCfg = Release|Any CPU
		{A5C4300D-C10C-4C69-8CAD-CD57A9331D2C}.Release|Any CPU.Build.0 = Release|Any CPU
		{A5C4300D-C10C-4C69-8CAD-CD57A9331D2C}.Release|x64.ActiveCfg = Release|Any CPU
		{A5C4300D-C10C-4C69-8CAD-CD57A9331D2C}.Release|x64.Build.0 = Release|Any CPU
		{A5C4300D-C10C-4C69-8CAD-CD57A9331D2C}.Release|x86.ActiveCfg = Release|Any CPU
		{A5C4300D-C10C-4C69-8CAD-CD57A9331D2C}.Release|x86.Build.0 = Release|Any CPU
		{66392A82-582C-468A-A9E9-38921AA9062D}.Debug|Any CPU.ActiveCfg = Debug|Any CPU
		{66392A82-582C-468A-A9E9-38921AA9062D}.Debug|Any CPU.Build.0 = Debug|Any CPU
		{66392A82-582C-468A-A9E9-38921AA9062D}.Debug|x64.ActiveCfg = Debug|Any CPU
		{66392A82-582C-468A-A9E9-38921AA9062D}.Debug|x64.Build.0 = Debug|Any CPU
		{66392A82-582C-468A-A9E9-38921AA9062D}.Debug|x86.ActiveCfg = Debug|Any CPU
		{66392A82-582C-468A-A9E9-38921AA9062D}.Debug|x86.Build.0 = Debug|Any CPU
		{66392A82-582C-468A-A9E9-38921AA9062D}.Release|Any CPU.ActiveCfg = Release|Any CPU
		{66392A82-582C-468A-A9E9-38921AA9062D}.Release|Any CPU.Build.0 = Release|Any CPU
		{66392A82-582C-468A-A9E9-38921AA9062D}.Release|x64.ActiveCfg = Release|Any CPU
		{66392A82-582C-468A-A9E9-38921AA9062D}.Release|x64.Build.0 = Release|Any CPU
		{66392A82-582C-468A-A9E9-38921AA9062D}.Release|x86.ActiveCfg = Release|Any CPU
		{66392A82-582C-468A-A9E9-38921AA9062D}.Release|x86.Build.0 = Release|Any CPU
		{AD8E7A43-E735-4E08-8C20-7F19A11A658B}.Debug|Any CPU.ActiveCfg = Debug|Any CPU
		{AD8E7A43-E735-4E08-8C20-7F19A11A658B}.Debug|Any CPU.Build.0 = Debug|Any CPU
		{AD8E7A43-E735-4E08-8C20-7F19A11A658B}.Debug|x64.ActiveCfg = Debug|Any CPU
		{AD8E7A43-E735-4E08-8C20-7F19A11A658B}.Debug|x64.Build.0 = Debug|Any CPU
		{AD8E7A43-E735-4E08-8C20-7F19A11A658B}.Debug|x86.ActiveCfg = Debug|Any CPU
		{AD8E7A43-E735-4E08-8C20-7F19A11A658B}.Debug|x86.Build.0 = Debug|Any CPU
		{AD8E7A43-E735-4E08-8C20-7F19A11A658B}.Release|Any CPU.ActiveCfg = Release|Any CPU
		{AD8E7A43-E735-4E08-8C20-7F19A11A658B}.Release|Any CPU.Build.0 = Release|Any CPU
		{AD8E7A43-E735-4E08-8C20-7F19A11A658B}.Release|x64.ActiveCfg = Release|Any CPU
		{AD8E7A43-E735-4E08-8C20-7F19A11A658B}.Release|x64.Build.0 = Release|Any CPU
		{AD8E7A43-E735-4E08-8C20-7F19A11A658B}.Release|x86.ActiveCfg = Release|Any CPU
		{AD8E7A43-E735-4E08-8C20-7F19A11A658B}.Release|x86.Build.0 = Release|Any CPU
		{D265D8DD-9EBC-49FC-A7C7-46DE56E5C1F3}.Debug|Any CPU.ActiveCfg = Debug|Any CPU
		{D265D8DD-9EBC-49FC-A7C7-46DE56E5C1F3}.Debug|Any CPU.Build.0 = Debug|Any CPU
		{D265D8DD-9EBC-49FC-A7C7-46DE56E5C1F3}.Debug|x64.ActiveCfg = Debug|Any CPU
		{D265D8DD-9EBC-49FC-A7C7-46DE56E5C1F3}.Debug|x64.Build.0 = Debug|Any CPU
		{D265D8DD-9EBC-49FC-A7C7-46DE56E5C1F3}.Debug|x86.ActiveCfg = Debug|Any CPU
		{D265D8DD-9EBC-49FC-A7C7-46DE56E5C1F3}.Debug|x86.Build.0 = Debug|Any CPU
		{D265D8DD-9EBC-49FC-A7C7-46DE56E5C1F3}.Release|Any CPU.ActiveCfg = Release|Any CPU
		{D265D8DD-9EBC-49FC-A7C7-46DE56E5C1F3}.Release|Any CPU.Build.0 = Release|Any CPU
		{D265D8DD-9EBC-49FC-A7C7-46DE56E5C1F3}.Release|x64.ActiveCfg = Release|Any CPU
		{D265D8DD-9EBC-49FC-A7C7-46DE56E5C1F3}.Release|x64.Build.0 = Release|Any CPU
		{D265D8DD-9EBC-49FC-A7C7-46DE56E5C1F3}.Release|x86.ActiveCfg = Release|Any CPU
		{D265D8DD-9EBC-49FC-A7C7-46DE56E5C1F3}.Release|x86.Build.0 = Release|Any CPU
		{071BF7D1-901B-4221-92D4-4080DBF3B256}.Debug|Any CPU.ActiveCfg = Debug|Any CPU
		{071BF7D1-901B-4221-92D4-4080DBF3B256}.Debug|Any CPU.Build.0 = Debug|Any CPU
		{071BF7D1-901B-4221-92D4-4080DBF3B256}.Debug|x64.ActiveCfg = Debug|Any CPU
		{071BF7D1-901B-4221-92D4-4080DBF3B256}.Debug|x64.Build.0 = Debug|Any CPU
		{071BF7D1-901B-4221-92D4-4080DBF3B256}.Debug|x86.ActiveCfg = Debug|Any CPU
		{071BF7D1-901B-4221-92D4-4080DBF3B256}.Debug|x86.Build.0 = Debug|Any CPU
		{071BF7D1-901B-4221-92D4-4080DBF3B256}.Release|Any CPU.ActiveCfg = Release|Any CPU
		{071BF7D1-901B-4221-92D4-4080DBF3B256}.Release|Any CPU.Build.0 = Release|Any CPU
		{071BF7D1-901B-4221-92D4-4080DBF3B256}.Release|x64.ActiveCfg = Release|Any CPU
		{071BF7D1-901B-4221-92D4-4080DBF3B256}.Release|x64.Build.0 = Release|Any CPU
		{071BF7D1-901B-4221-92D4-4080DBF3B256}.Release|x86.ActiveCfg = Release|Any CPU
		{071BF7D1-901B-4221-92D4-4080DBF3B256}.Release|x86.Build.0 = Release|Any CPU
		{3820880E-75C0-47CE-9FF9-3D7F9E20DF30}.Debug|Any CPU.ActiveCfg = Debug|Any CPU
		{3820880E-75C0-47CE-9FF9-3D7F9E20DF30}.Debug|Any CPU.Build.0 = Debug|Any CPU
		{3820880E-75C0-47CE-9FF9-3D7F9E20DF30}.Debug|x64.ActiveCfg = Debug|Any CPU
		{3820880E-75C0-47CE-9FF9-3D7F9E20DF30}.Debug|x64.Build.0 = Debug|Any CPU
		{3820880E-75C0-47CE-9FF9-3D7F9E20DF30}.Debug|x86.ActiveCfg = Debug|Any CPU
		{3820880E-75C0-47CE-9FF9-3D7F9E20DF30}.Debug|x86.Build.0 = Debug|Any CPU
		{3820880E-75C0-47CE-9FF9-3D7F9E20DF30}.Release|Any CPU.ActiveCfg = Release|Any CPU
		{3820880E-75C0-47CE-9FF9-3D7F9E20DF30}.Release|Any CPU.Build.0 = Release|Any CPU
		{3820880E-75C0-47CE-9FF9-3D7F9E20DF30}.Release|x64.ActiveCfg = Release|Any CPU
		{3820880E-75C0-47CE-9FF9-3D7F9E20DF30}.Release|x64.Build.0 = Release|Any CPU
		{3820880E-75C0-47CE-9FF9-3D7F9E20DF30}.Release|x86.ActiveCfg = Release|Any CPU
		{3820880E-75C0-47CE-9FF9-3D7F9E20DF30}.Release|x86.Build.0 = Release|Any CPU
		{F0F44809-6121-481F-A565-5BA744568D4A}.Debug|Any CPU.ActiveCfg = Debug|Any CPU
		{F0F44809-6121-481F-A565-5BA744568D4A}.Debug|Any CPU.Build.0 = Debug|Any CPU
		{F0F44809-6121-481F-A565-5BA744568D4A}.Debug|x64.ActiveCfg = Debug|Any CPU
		{F0F44809-6121-481F-A565-5BA744568D4A}.Debug|x64.Build.0 = Debug|Any CPU
		{F0F44809-6121-481F-A565-5BA744568D4A}.Debug|x86.ActiveCfg = Debug|Any CPU
		{F0F44809-6121-481F-A565-5BA744568D4A}.Debug|x86.Build.0 = Debug|Any CPU
		{F0F44809-6121-481F-A565-5BA744568D4A}.Release|Any CPU.ActiveCfg = Release|Any CPU
		{F0F44809-6121-481F-A565-5BA744568D4A}.Release|Any CPU.Build.0 = Release|Any CPU
		{F0F44809-6121-481F-A565-5BA744568D4A}.Release|x64.ActiveCfg = Release|Any CPU
		{F0F44809-6121-481F-A565-5BA744568D4A}.Release|x64.Build.0 = Release|Any CPU
		{F0F44809-6121-481F-A565-5BA744568D4A}.Release|x86.ActiveCfg = Release|Any CPU
		{F0F44809-6121-481F-A565-5BA744568D4A}.Release|x86.Build.0 = Release|Any CPU
		{D13C661A-D5BB-4B2D-970C-5BDEADF1DF92}.Debug|Any CPU.ActiveCfg = Debug|Any CPU
		{D13C661A-D5BB-4B2D-970C-5BDEADF1DF92}.Debug|Any CPU.Build.0 = Debug|Any CPU
		{D13C661A-D5BB-4B2D-970C-5BDEADF1DF92}.Debug|x64.ActiveCfg = Debug|Any CPU
		{D13C661A-D5BB-4B2D-970C-5BDEADF1DF92}.Debug|x64.Build.0 = Debug|Any CPU
		{D13C661A-D5BB-4B2D-970C-5BDEADF1DF92}.Debug|x86.ActiveCfg = Debug|Any CPU
		{D13C661A-D5BB-4B2D-970C-5BDEADF1DF92}.Debug|x86.Build.0 = Debug|Any CPU
		{D13C661A-D5BB-4B2D-970C-5BDEADF1DF92}.Release|Any CPU.ActiveCfg = Release|Any CPU
		{D13C661A-D5BB-4B2D-970C-5BDEADF1DF92}.Release|Any CPU.Build.0 = Release|Any CPU
		{D13C661A-D5BB-4B2D-970C-5BDEADF1DF92}.Release|x64.ActiveCfg = Release|Any CPU
		{D13C661A-D5BB-4B2D-970C-5BDEADF1DF92}.Release|x64.Build.0 = Release|Any CPU
		{D13C661A-D5BB-4B2D-970C-5BDEADF1DF92}.Release|x86.ActiveCfg = Release|Any CPU
		{D13C661A-D5BB-4B2D-970C-5BDEADF1DF92}.Release|x86.Build.0 = Release|Any CPU
		{5D1E0432-4A03-4888-A26F-C1EF38E0A048}.Debug|Any CPU.ActiveCfg = Debug|Any CPU
		{5D1E0432-4A03-4888-A26F-C1EF38E0A048}.Debug|Any CPU.Build.0 = Debug|Any CPU
		{5D1E0432-4A03-4888-A26F-C1EF38E0A048}.Debug|x64.ActiveCfg = Debug|Any CPU
		{5D1E0432-4A03-4888-A26F-C1EF38E0A048}.Debug|x64.Build.0 = Debug|Any CPU
		{5D1E0432-4A03-4888-A26F-C1EF38E0A048}.Debug|x86.ActiveCfg = Debug|Any CPU
		{5D1E0432-4A03-4888-A26F-C1EF38E0A048}.Debug|x86.Build.0 = Debug|Any CPU
		{5D1E0432-4A03-4888-A26F-C1EF38E0A048}.Release|Any CPU.ActiveCfg = Release|Any CPU
		{5D1E0432-4A03-4888-A26F-C1EF38E0A048}.Release|Any CPU.Build.0 = Release|Any CPU
		{5D1E0432-4A03-4888-A26F-C1EF38E0A048}.Release|x64.ActiveCfg = Release|Any CPU
		{5D1E0432-4A03-4888-A26F-C1EF38E0A048}.Release|x64.Build.0 = Release|Any CPU
		{5D1E0432-4A03-4888-A26F-C1EF38E0A048}.Release|x86.ActiveCfg = Release|Any CPU
		{5D1E0432-4A03-4888-A26F-C1EF38E0A048}.Release|x86.Build.0 = Release|Any CPU
		{D0FE56D2-57D4-41B8-9C6E-4769B3D6E6A4}.Debug|Any CPU.ActiveCfg = Debug|Any CPU
		{D0FE56D2-57D4-41B8-9C6E-4769B3D6E6A4}.Debug|Any CPU.Build.0 = Debug|Any CPU
		{D0FE56D2-57D4-41B8-9C6E-4769B3D6E6A4}.Debug|x64.ActiveCfg = Debug|Any CPU
		{D0FE56D2-57D4-41B8-9C6E-4769B3D6E6A4}.Debug|x64.Build.0 = Debug|Any CPU
		{D0FE56D2-57D4-41B8-9C6E-4769B3D6E6A4}.Debug|x86.ActiveCfg = Debug|Any CPU
		{D0FE56D2-57D4-41B8-9C6E-4769B3D6E6A4}.Debug|x86.Build.0 = Debug|Any CPU
		{D0FE56D2-57D4-41B8-9C6E-4769B3D6E6A4}.Release|Any CPU.ActiveCfg = Release|Any CPU
		{D0FE56D2-57D4-41B8-9C6E-4769B3D6E6A4}.Release|Any CPU.Build.0 = Release|Any CPU
		{D0FE56D2-57D4-41B8-9C6E-4769B3D6E6A4}.Release|x64.ActiveCfg = Release|Any CPU
		{D0FE56D2-57D4-41B8-9C6E-4769B3D6E6A4}.Release|x64.Build.0 = Release|Any CPU
		{D0FE56D2-57D4-41B8-9C6E-4769B3D6E6A4}.Release|x86.ActiveCfg = Release|Any CPU
		{D0FE56D2-57D4-41B8-9C6E-4769B3D6E6A4}.Release|x86.Build.0 = Release|Any CPU
		{0F287531-1B6B-403B-B026-3EC5D6DF90B1}.Debug|Any CPU.ActiveCfg = Debug|Any CPU
		{0F287531-1B6B-403B-B026-3EC5D6DF90B1}.Debug|Any CPU.Build.0 = Debug|Any CPU
		{0F287531-1B6B-403B-B026-3EC5D6DF90B1}.Debug|x64.ActiveCfg = Debug|Any CPU
		{0F287531-1B6B-403B-B026-3EC5D6DF90B1}.Debug|x64.Build.0 = Debug|Any CPU
		{0F287531-1B6B-403B-B026-3EC5D6DF90B1}.Debug|x86.ActiveCfg = Debug|Any CPU
		{0F287531-1B6B-403B-B026-3EC5D6DF90B1}.Debug|x86.Build.0 = Debug|Any CPU
		{0F287531-1B6B-403B-B026-3EC5D6DF90B1}.Release|Any CPU.ActiveCfg = Release|Any CPU
		{0F287531-1B6B-403B-B026-3EC5D6DF90B1}.Release|Any CPU.Build.0 = Release|Any CPU
		{0F287531-1B6B-403B-B026-3EC5D6DF90B1}.Release|x64.ActiveCfg = Release|Any CPU
		{0F287531-1B6B-403B-B026-3EC5D6DF90B1}.Release|x64.Build.0 = Release|Any CPU
		{0F287531-1B6B-403B-B026-3EC5D6DF90B1}.Release|x86.ActiveCfg = Release|Any CPU
		{0F287531-1B6B-403B-B026-3EC5D6DF90B1}.Release|x86.Build.0 = Release|Any CPU
		{86FE584D-5749-4D79-B44C-A1872752DE48}.Debug|Any CPU.ActiveCfg = Debug|Any CPU
		{86FE584D-5749-4D79-B44C-A1872752DE48}.Debug|Any CPU.Build.0 = Debug|Any CPU
		{86FE584D-5749-4D79-B44C-A1872752DE48}.Debug|x64.ActiveCfg = Debug|Any CPU
		{86FE584D-5749-4D79-B44C-A1872752DE48}.Debug|x64.Build.0 = Debug|Any CPU
		{86FE584D-5749-4D79-B44C-A1872752DE48}.Debug|x86.ActiveCfg = Debug|Any CPU
		{86FE584D-5749-4D79-B44C-A1872752DE48}.Debug|x86.Build.0 = Debug|Any CPU
		{86FE584D-5749-4D79-B44C-A1872752DE48}.Release|Any CPU.ActiveCfg = Release|Any CPU
		{86FE584D-5749-4D79-B44C-A1872752DE48}.Release|Any CPU.Build.0 = Release|Any CPU
		{86FE584D-5749-4D79-B44C-A1872752DE48}.Release|x64.ActiveCfg = Release|Any CPU
		{86FE584D-5749-4D79-B44C-A1872752DE48}.Release|x64.Build.0 = Release|Any CPU
		{86FE584D-5749-4D79-B44C-A1872752DE48}.Release|x86.ActiveCfg = Release|Any CPU
		{86FE584D-5749-4D79-B44C-A1872752DE48}.Release|x86.Build.0 = Release|Any CPU
		{8F7E7381-1F43-4E31-AA44-AC956CB2251F}.Debug|Any CPU.ActiveCfg = Debug|Any CPU
		{8F7E7381-1F43-4E31-AA44-AC956CB2251F}.Debug|Any CPU.Build.0 = Debug|Any CPU
		{8F7E7381-1F43-4E31-AA44-AC956CB2251F}.Debug|x64.ActiveCfg = Debug|Any CPU
		{8F7E7381-1F43-4E31-AA44-AC956CB2251F}.Debug|x64.Build.0 = Debug|Any CPU
		{8F7E7381-1F43-4E31-AA44-AC956CB2251F}.Debug|x86.ActiveCfg = Debug|Any CPU
		{8F7E7381-1F43-4E31-AA44-AC956CB2251F}.Debug|x86.Build.0 = Debug|Any CPU
		{8F7E7381-1F43-4E31-AA44-AC956CB2251F}.Release|Any CPU.ActiveCfg = Release|Any CPU
		{8F7E7381-1F43-4E31-AA44-AC956CB2251F}.Release|Any CPU.Build.0 = Release|Any CPU
		{8F7E7381-1F43-4E31-AA44-AC956CB2251F}.Release|x64.ActiveCfg = Release|Any CPU
		{8F7E7381-1F43-4E31-AA44-AC956CB2251F}.Release|x64.Build.0 = Release|Any CPU
		{8F7E7381-1F43-4E31-AA44-AC956CB2251F}.Release|x86.ActiveCfg = Release|Any CPU
		{8F7E7381-1F43-4E31-AA44-AC956CB2251F}.Release|x86.Build.0 = Release|Any CPU
		{0854CE23-AF4D-4CAF-8E32-18050EC30B25}.Debug|Any CPU.ActiveCfg = Debug|Any CPU
		{0854CE23-AF4D-4CAF-8E32-18050EC30B25}.Debug|Any CPU.Build.0 = Debug|Any CPU
		{0854CE23-AF4D-4CAF-8E32-18050EC30B25}.Debug|x64.ActiveCfg = Debug|Any CPU
		{0854CE23-AF4D-4CAF-8E32-18050EC30B25}.Debug|x64.Build.0 = Debug|Any CPU
		{0854CE23-AF4D-4CAF-8E32-18050EC30B25}.Debug|x86.ActiveCfg = Debug|Any CPU
		{0854CE23-AF4D-4CAF-8E32-18050EC30B25}.Debug|x86.Build.0 = Debug|Any CPU
		{0854CE23-AF4D-4CAF-8E32-18050EC30B25}.Release|Any CPU.ActiveCfg = Release|Any CPU
		{0854CE23-AF4D-4CAF-8E32-18050EC30B25}.Release|Any CPU.Build.0 = Release|Any CPU
		{0854CE23-AF4D-4CAF-8E32-18050EC30B25}.Release|x64.ActiveCfg = Release|Any CPU
		{0854CE23-AF4D-4CAF-8E32-18050EC30B25}.Release|x64.Build.0 = Release|Any CPU
		{0854CE23-AF4D-4CAF-8E32-18050EC30B25}.Release|x86.ActiveCfg = Release|Any CPU
		{0854CE23-AF4D-4CAF-8E32-18050EC30B25}.Release|x86.Build.0 = Release|Any CPU
		{EC418F51-4814-4A24-9F81-C6BD77610EAE}.Debug|Any CPU.ActiveCfg = Debug|Any CPU
		{EC418F51-4814-4A24-9F81-C6BD77610EAE}.Debug|Any CPU.Build.0 = Debug|Any CPU
		{EC418F51-4814-4A24-9F81-C6BD77610EAE}.Debug|x64.ActiveCfg = Debug|Any CPU
		{EC418F51-4814-4A24-9F81-C6BD77610EAE}.Debug|x64.Build.0 = Debug|Any CPU
		{EC418F51-4814-4A24-9F81-C6BD77610EAE}.Debug|x86.ActiveCfg = Debug|Any CPU
		{EC418F51-4814-4A24-9F81-C6BD77610EAE}.Debug|x86.Build.0 = Debug|Any CPU
		{EC418F51-4814-4A24-9F81-C6BD77610EAE}.Release|Any CPU.ActiveCfg = Release|Any CPU
		{EC418F51-4814-4A24-9F81-C6BD77610EAE}.Release|Any CPU.Build.0 = Release|Any CPU
		{EC418F51-4814-4A24-9F81-C6BD77610EAE}.Release|x64.ActiveCfg = Release|Any CPU
		{EC418F51-4814-4A24-9F81-C6BD77610EAE}.Release|x64.Build.0 = Release|Any CPU
		{EC418F51-4814-4A24-9F81-C6BD77610EAE}.Release|x86.ActiveCfg = Release|Any CPU
		{EC418F51-4814-4A24-9F81-C6BD77610EAE}.Release|x86.Build.0 = Release|Any CPU
		{17DFB5FD-6B8C-4709-8F44-9F40DB94B34C}.Debug|Any CPU.ActiveCfg = Debug|Any CPU
		{17DFB5FD-6B8C-4709-8F44-9F40DB94B34C}.Debug|Any CPU.Build.0 = Debug|Any CPU
		{17DFB5FD-6B8C-4709-8F44-9F40DB94B34C}.Debug|x64.ActiveCfg = Debug|Any CPU
		{17DFB5FD-6B8C-4709-8F44-9F40DB94B34C}.Debug|x64.Build.0 = Debug|Any CPU
		{17DFB5FD-6B8C-4709-8F44-9F40DB94B34C}.Debug|x86.ActiveCfg = Debug|Any CPU
		{17DFB5FD-6B8C-4709-8F44-9F40DB94B34C}.Debug|x86.Build.0 = Debug|Any CPU
		{17DFB5FD-6B8C-4709-8F44-9F40DB94B34C}.Release|Any CPU.ActiveCfg = Release|Any CPU
		{17DFB5FD-6B8C-4709-8F44-9F40DB94B34C}.Release|Any CPU.Build.0 = Release|Any CPU
		{17DFB5FD-6B8C-4709-8F44-9F40DB94B34C}.Release|x64.ActiveCfg = Release|Any CPU
		{17DFB5FD-6B8C-4709-8F44-9F40DB94B34C}.Release|x64.Build.0 = Release|Any CPU
		{17DFB5FD-6B8C-4709-8F44-9F40DB94B34C}.Release|x86.ActiveCfg = Release|Any CPU
		{17DFB5FD-6B8C-4709-8F44-9F40DB94B34C}.Release|x86.Build.0 = Release|Any CPU
		{C93E86CC-244D-4030-94F2-EBFAE21838AB}.Debug|Any CPU.ActiveCfg = Debug|Any CPU
		{C93E86CC-244D-4030-94F2-EBFAE21838AB}.Debug|Any CPU.Build.0 = Debug|Any CPU
		{C93E86CC-244D-4030-94F2-EBFAE21838AB}.Debug|x64.ActiveCfg = Debug|Any CPU
		{C93E86CC-244D-4030-94F2-EBFAE21838AB}.Debug|x64.Build.0 = Debug|Any CPU
		{C93E86CC-244D-4030-94F2-EBFAE21838AB}.Debug|x86.ActiveCfg = Debug|Any CPU
		{C93E86CC-244D-4030-94F2-EBFAE21838AB}.Debug|x86.Build.0 = Debug|Any CPU
		{C93E86CC-244D-4030-94F2-EBFAE21838AB}.Release|Any CPU.ActiveCfg = Release|Any CPU
		{C93E86CC-244D-4030-94F2-EBFAE21838AB}.Release|Any CPU.Build.0 = Release|Any CPU
		{C93E86CC-244D-4030-94F2-EBFAE21838AB}.Release|x64.ActiveCfg = Release|Any CPU
		{C93E86CC-244D-4030-94F2-EBFAE21838AB}.Release|x64.Build.0 = Release|Any CPU
		{C93E86CC-244D-4030-94F2-EBFAE21838AB}.Release|x86.ActiveCfg = Release|Any CPU
		{C93E86CC-244D-4030-94F2-EBFAE21838AB}.Release|x86.Build.0 = Release|Any CPU
		{BF1C5D22-9745-4A1B-9D0A-5D8BF04FABE0}.Debug|Any CPU.ActiveCfg = Debug|Any CPU
		{BF1C5D22-9745-4A1B-9D0A-5D8BF04FABE0}.Debug|Any CPU.Build.0 = Debug|Any CPU
		{BF1C5D22-9745-4A1B-9D0A-5D8BF04FABE0}.Debug|x64.ActiveCfg = Debug|Any CPU
		{BF1C5D22-9745-4A1B-9D0A-5D8BF04FABE0}.Debug|x64.Build.0 = Debug|Any CPU
		{BF1C5D22-9745-4A1B-9D0A-5D8BF04FABE0}.Debug|x86.ActiveCfg = Debug|Any CPU
		{BF1C5D22-9745-4A1B-9D0A-5D8BF04FABE0}.Debug|x86.Build.0 = Debug|Any CPU
		{BF1C5D22-9745-4A1B-9D0A-5D8BF04FABE0}.Release|Any CPU.ActiveCfg = Release|Any CPU
		{BF1C5D22-9745-4A1B-9D0A-5D8BF04FABE0}.Release|Any CPU.Build.0 = Release|Any CPU
		{BF1C5D22-9745-4A1B-9D0A-5D8BF04FABE0}.Release|x64.ActiveCfg = Release|Any CPU
		{BF1C5D22-9745-4A1B-9D0A-5D8BF04FABE0}.Release|x64.Build.0 = Release|Any CPU
		{BF1C5D22-9745-4A1B-9D0A-5D8BF04FABE0}.Release|x86.ActiveCfg = Release|Any CPU
		{BF1C5D22-9745-4A1B-9D0A-5D8BF04FABE0}.Release|x86.Build.0 = Release|Any CPU
	EndGlobalSection
	GlobalSection(SolutionProperties) = preSolution
		HideSolutionNode = FALSE
	EndGlobalSection
	GlobalSection(NestedProjects) = preSolution
		{B2D52C64-A43B-4E0D-94E4-BF4F80713597} = {7266C4A9-E384-DC00-0EB6-47F6002CFBA7}
		{1CE9BE4A-FF99-4E5E-ADDB-87A1EE626AA8} = {7266C4A9-E384-DC00-0EB6-47F6002CFBA7}
		{075E4C11-D560-44F4-BF2B-4BF16FD1C8F3} = {E7BDDBC6-9FD1-D1D7-ACD8-2C4F8E3D2461}
		{65BE17F0-9624-72A3-2B03-BE2C43DC0EEF} = {5854FF58-B8C5-05C6-5BF2-ACE42193F22B}
		{D391D305-20EB-463B-9BF9-B72C701C29C7} = {65BE17F0-9624-72A3-2B03-BE2C43DC0EEF}
		{47B339DD-A86D-4B24-8E2A-F44ABC35FA2C} = {65BE17F0-9624-72A3-2B03-BE2C43DC0EEF}
		{A4B1900B-00B3-4DAB-B707-EBEF8C216585} = {65BE17F0-9624-72A3-2B03-BE2C43DC0EEF}
		{3F8DA4CF-C6FB-4C3C-9777-5F72A8F76D5A} = {65BE17F0-9624-72A3-2B03-BE2C43DC0EEF}
		{CD52D1DB-F69B-63E9-D5FD-9E1F5357CDE4} = {5854FF58-B8C5-05C6-5BF2-ACE42193F22B}
		{617BCB6C-9EF8-4BEA-8F80-45276ACBED0D} = {CD52D1DB-F69B-63E9-D5FD-9E1F5357CDE4}
		{016F1930-9DCA-41B8-970F-F0EAC1583243} = {CD52D1DB-F69B-63E9-D5FD-9E1F5357CDE4}
		{C406E221-2D49-4AFF-BF6D-C5D2A5054A63} = {CD52D1DB-F69B-63E9-D5FD-9E1F5357CDE4}
		{6DBBE390-E9FF-4FEE-ABE6-4463D041166D} = {CD52D1DB-F69B-63E9-D5FD-9E1F5357CDE4}
		{06470F13-D646-4954-ED4A-FA216054436A} = {5854FF58-B8C5-05C6-5BF2-ACE42193F22B}
		{7A78D6F3-6261-46F8-BABF-32F36C0AE723} = {06470F13-D646-4954-ED4A-FA216054436A}
		{79F1D007-63B4-417D-9F6C-31944CE9A004} = {06470F13-D646-4954-ED4A-FA216054436A}
		{02BA90E3-3CA3-4D60-BE07-DE9B8E8B86D5} = {06470F13-D646-4954-ED4A-FA216054436A}
		{CE5B7060-0C85-4CB7-891E-23DD07E11702} = {06470F13-D646-4954-ED4A-FA216054436A}
		{7D0AC44D-5CF2-302B-7FCE-391173F4F6DF} = {5854FF58-B8C5-05C6-5BF2-ACE42193F22B}
		{99ECC2B8-CE93-4AB6-AA17-4E578A4CF52C} = {7D0AC44D-5CF2-302B-7FCE-391173F4F6DF}
		{9F9E9B25-8496-48A3-A7D6-0F0E3FC58512} = {7D0AC44D-5CF2-302B-7FCE-391173F4F6DF}
		{98E247ED-A0B7-4A5F-B957-F1C627BC75F2} = {7D0AC44D-5CF2-302B-7FCE-391173F4F6DF}
		{143426BD-5D3F-446C-AB66-6D102BAC2634} = {7D0AC44D-5CF2-302B-7FCE-391173F4F6DF}
		{E6D4888A-0CDC-4481-BEDB-CE65D92DEA7F} = {7266C4A9-E384-DC00-0EB6-47F6002CFBA7}
		{F268D479-F5C3-4D4D-8C56-07966B5DC7D8} = {7266C4A9-E384-DC00-0EB6-47F6002CFBA7}
		{E02D45FA-FC07-45F4-BCE7-10EAD8ABC667} = {7266C4A9-E384-DC00-0EB6-47F6002CFBA7}
		{98F00D64-A516-4926-90EB-C6723ED4E805} = {65BE17F0-9624-72A3-2B03-BE2C43DC0EEF}
		{D9BE38F9-F01E-4121-A255-E575E0E04974} = {7D0AC44D-5CF2-302B-7FCE-391173F4F6DF}
		{7BFCED59-13BB-4AF4-A8EF-644BFF7FCB08} = {CD52D1DB-F69B-63E9-D5FD-9E1F5357CDE4}
		{A5C4300D-C10C-4C69-8CAD-CD57A9331D2C} = {06470F13-D646-4954-ED4A-FA216054436A}
		{66392A82-582C-468A-A9E9-38921AA9062D} = {CD52D1DB-F69B-63E9-D5FD-9E1F5357CDE4}
		{471A6DD9-B71D-CA3A-920F-E4CE7BE19AA0} = {5854FF58-B8C5-05C6-5BF2-ACE42193F22B}
		{AD8E7A43-E735-4E08-8C20-7F19A11A658B} = {471A6DD9-B71D-CA3A-920F-E4CE7BE19AA0}
		{D265D8DD-9EBC-49FC-A7C7-46DE56E5C1F3} = {471A6DD9-B71D-CA3A-920F-E4CE7BE19AA0}
		{071BF7D1-901B-4221-92D4-4080DBF3B256} = {471A6DD9-B71D-CA3A-920F-E4CE7BE19AA0}
		{3820880E-75C0-47CE-9FF9-3D7F9E20DF30} = {471A6DD9-B71D-CA3A-920F-E4CE7BE19AA0}
		{F0F44809-6121-481F-A565-5BA744568D4A} = {471A6DD9-B71D-CA3A-920F-E4CE7BE19AA0}
		{D13C661A-D5BB-4B2D-970C-5BDEADF1DF92} = {471A6DD9-B71D-CA3A-920F-E4CE7BE19AA0}
		{5D1E0432-4A03-4888-A26F-C1EF38E0A048} = {07C2787E-EAC7-C090-1BA3-A61EC2A24D84}
		{D0FE56D2-57D4-41B8-9C6E-4769B3D6E6A4} = {07C2787E-EAC7-C090-1BA3-A61EC2A24D84}
		{0F287531-1B6B-403B-B026-3EC5D6DF90B1} = {07C2787E-EAC7-C090-1BA3-A61EC2A24D84}
		{86FE584D-5749-4D79-B44C-A1872752DE48} = {7266C4A9-E384-DC00-0EB6-47F6002CFBA7}
		{8F7E7381-1F43-4E31-AA44-AC956CB2251F} = {7266C4A9-E384-DC00-0EB6-47F6002CFBA7}
		{0854CE23-AF4D-4CAF-8E32-18050EC30B25} = {7266C4A9-E384-DC00-0EB6-47F6002CFBA7}
		{EC418F51-4814-4A24-9F81-C6BD77610EAE} = {7266C4A9-E384-DC00-0EB6-47F6002CFBA7}
		{17DFB5FD-6B8C-4709-8F44-9F40DB94B34C} = {7266C4A9-E384-DC00-0EB6-47F6002CFBA7}
		{C93E86CC-244D-4030-94F2-EBFAE21838AB} = {7D0AC44D-5CF2-302B-7FCE-391173F4F6DF}
		{BF1C5D22-9745-4A1B-9D0A-5D8BF04FABE0} = {7D0AC44D-5CF2-302B-7FCE-391173F4F6DF}
	EndGlobalSection
EndGlobal
